// !$*UTF8*$!
{
	archiveVersion = 1;
	classes = {
	};
	objectVersion = 56;
	objects = {

/* Begin PBXBuildFile section */
		BA8736742BF3CCAE006F2246 /* AppDelegate.swift in Sources */ = {isa = PBXBuildFile; fileRef = BA8736732BF3CCAE006F2246 /* AppDelegate.swift */; };
		BA8736762BF3CCAE006F2246 /* SceneDelegate.swift in Sources */ = {isa = PBXBuildFile; fileRef = BA8736752BF3CCAE006F2246 /* SceneDelegate.swift */; };
		BA87367E2BF3CCAE006F2246 /* MacroChallenge5.xcdatamodeld in Sources */ = {isa = PBXBuildFile; fileRef = BA87367C2BF3CCAE006F2246 /* MacroChallenge5.xcdatamodeld */; };
		BA8736802BF3CCAF006F2246 /* Assets.xcassets in Resources */ = {isa = PBXBuildFile; fileRef = BA87367F2BF3CCAF006F2246 /* Assets.xcassets */; };
		BA8736832BF3CCAF006F2246 /* Base in Resources */ = {isa = PBXBuildFile; fileRef = BA8736822BF3CCAF006F2246 /* Base */; };
		BA87368B2BF3D07E006F2246 /* MainTabBarController.swift in Sources */ = {isa = PBXBuildFile; fileRef = BA87368A2BF3D07E006F2246 /* MainTabBarController.swift */; };
		BA87368D2BF3E039006F2246 /* VerseViewController.swift in Sources */ = {isa = PBXBuildFile; fileRef = BA87368C2BF3E039006F2246 /* VerseViewController.swift */; };
		BA8736902BF3E1AC006F2246 /* FutureViewController.swift in Sources */ = {isa = PBXBuildFile; fileRef = BA87368F2BF3E1AC006F2246 /* FutureViewController.swift */; };
		BA8736922BF3E1D8006F2246 /* BooksViewController.swift in Sources */ = {isa = PBXBuildFile; fileRef = BA8736912BF3E1D8006F2246 /* BooksViewController.swift */; };
		BA8736A42BF3E2D8006F2246 /* MaliItalic.ttf in Resources */ = {isa = PBXBuildFile; fileRef = BA8736982BF3E2D8006F2246 /* MaliItalic.ttf */; };
		BA8736A62BF3E2D8006F2246 /* MaliRegular.ttf in Resources */ = {isa = PBXBuildFile; fileRef = BA87369A2BF3E2D8006F2246 /* MaliRegular.ttf */; };
		BA8736A92BF3E2D8006F2246 /* MaliSemibold.ttf in Resources */ = {isa = PBXBuildFile; fileRef = BA87369D2BF3E2D8006F2246 /* MaliSemibold.ttf */; };
		BAEA64C12BF691B2004D0FBA /* MaliBold.ttf in Resources */ = {isa = PBXBuildFile; fileRef = BA8736942BF3E2D8006F2246 /* MaliBold.ttf */; };
		BAEA64C32BF69419004D0FBA /* SheetViewController.swift in Sources */ = {isa = PBXBuildFile; fileRef = BAEA64C22BF69419004D0FBA /* SheetViewController.swift */; };
/* End PBXBuildFile section */

/* Begin PBXFileReference section */
		BA8736702BF3CCAE006F2246 /* MacroChallenge5.app */ = {isa = PBXFileReference; explicitFileType = wrapper.application; includeInIndex = 0; path = MacroChallenge5.app; sourceTree = BUILT_PRODUCTS_DIR; };
		BA8736732BF3CCAE006F2246 /* AppDelegate.swift */ = {isa = PBXFileReference; lastKnownFileType = sourcecode.swift; path = AppDelegate.swift; sourceTree = "<group>"; };
		BA8736752BF3CCAE006F2246 /* SceneDelegate.swift */ = {isa = PBXFileReference; lastKnownFileType = sourcecode.swift; path = SceneDelegate.swift; sourceTree = "<group>"; };
		BA87367D2BF3CCAE006F2246 /* MacroChallenge5.xcdatamodel */ = {isa = PBXFileReference; lastKnownFileType = wrapper.xcdatamodel; path = MacroChallenge5.xcdatamodel; sourceTree = "<group>"; };
		BA87367F2BF3CCAF006F2246 /* Assets.xcassets */ = {isa = PBXFileReference; lastKnownFileType = folder.assetcatalog; path = Assets.xcassets; sourceTree = "<group>"; };
		BA8736822BF3CCAF006F2246 /* Base */ = {isa = PBXFileReference; lastKnownFileType = file.storyboard; name = Base; path = Base.lproj/LaunchScreen.storyboard; sourceTree = "<group>"; };
		BA8736842BF3CCAF006F2246 /* Info.plist */ = {isa = PBXFileReference; lastKnownFileType = text.plist.xml; path = Info.plist; sourceTree = "<group>"; };
		BA87368A2BF3D07E006F2246 /* MainTabBarController.swift */ = {isa = PBXFileReference; lastKnownFileType = sourcecode.swift; path = MainTabBarController.swift; sourceTree = "<group>"; };
		BA87368C2BF3E039006F2246 /* VerseViewController.swift */ = {isa = PBXFileReference; lastKnownFileType = sourcecode.swift; path = VerseViewController.swift; sourceTree = "<group>"; };
		BA87368F2BF3E1AC006F2246 /* FutureViewController.swift */ = {isa = PBXFileReference; lastKnownFileType = sourcecode.swift; path = FutureViewController.swift; sourceTree = "<group>"; };
		BA8736912BF3E1D8006F2246 /* BooksViewController.swift */ = {isa = PBXFileReference; lastKnownFileType = sourcecode.swift; path = BooksViewController.swift; sourceTree = "<group>"; };
		BA8736942BF3E2D8006F2246 /* MaliBold.ttf */ = {isa = PBXFileReference; lastKnownFileType = file; path = MaliBold.ttf; sourceTree = "<group>"; };
		BA8736982BF3E2D8006F2246 /* MaliItalic.ttf */ = {isa = PBXFileReference; lastKnownFileType = file; path = MaliItalic.ttf; sourceTree = "<group>"; };
		BA87369A2BF3E2D8006F2246 /* MaliRegular.ttf */ = {isa = PBXFileReference; lastKnownFileType = file; path = MaliRegular.ttf; sourceTree = "<group>"; };
		BA87369D2BF3E2D8006F2246 /* MaliSemibold.ttf */ = {isa = PBXFileReference; lastKnownFileType = file; path = MaliSemibold.ttf; sourceTree = "<group>"; };
		BAEA64C22BF69419004D0FBA /* SheetViewController.swift */ = {isa = PBXFileReference; lastKnownFileType = sourcecode.swift; path = SheetViewController.swift; sourceTree = "<group>"; };
/* End PBXFileReference section */

/* Begin PBXFrameworksBuildPhase section */
		BA87366D2BF3CCAD006F2246 /* Frameworks */ = {
			isa = PBXFrameworksBuildPhase;
			buildActionMask = 2147483647;
			files = (
			);
			runOnlyForDeploymentPostprocessing = 0;
		};
/* End PBXFrameworksBuildPhase section */

/* Begin PBXGroup section */
		BA8736672BF3CCAD006F2246 = {
			isa = PBXGroup;
			children = (
				BA8736722BF3CCAE006F2246 /* MacroChallenge5 */,
				BA8736712BF3CCAE006F2246 /* Products */,
			);
			sourceTree = "<group>";
		};
		BA8736712BF3CCAE006F2246 /* Products */ = {
			isa = PBXGroup;
			children = (
				BA8736702BF3CCAE006F2246 /* MacroChallenge5.app */,
			);
			name = Products;
			sourceTree = "<group>";
		};
		BA8736722BF3CCAE006F2246 /* MacroChallenge5 */ = {
			isa = PBXGroup;
			children = (
				BA8736732BF3CCAE006F2246 /* AppDelegate.swift */,
				BA8736752BF3CCAE006F2246 /* SceneDelegate.swift */,
				BA87368A2BF3D07E006F2246 /* MainTabBarController.swift */,
				BA87368E2BF3E062006F2246 /* ViewControllers */,
				BA87367F2BF3CCAF006F2246 /* Assets.xcassets */,
				BA8736812BF3CCAF006F2246 /* LaunchScreen.storyboard */,
				BA8736842BF3CCAF006F2246 /* Info.plist */,
				BA87367C2BF3CCAE006F2246 /* MacroChallenge5.xcdatamodeld */,
				BA8736AB2BF3E2E0006F2246 /* Fonts */,
			);
			path = MacroChallenge5;
			sourceTree = "<group>";
		};
		BA87368E2BF3E062006F2246 /* ViewControllers */ = {
			isa = PBXGroup;
			children = (
				BA8736912BF3E1D8006F2246 /* BooksViewController.swift */,
				BA87368C2BF3E039006F2246 /* VerseViewController.swift */,
				BAEA64C22BF69419004D0FBA /* SheetViewController.swift */,
				BA87368F2BF3E1AC006F2246 /* FutureViewController.swift */,
			);
			path = ViewControllers;
			sourceTree = "<group>";
		};
		BA8736AB2BF3E2E0006F2246 /* Fonts */ = {
			isa = PBXGroup;
			children = (
				BA8736942BF3E2D8006F2246 /* MaliBold.ttf */,
				BA8736982BF3E2D8006F2246 /* MaliItalic.ttf */,
				BA87369A2BF3E2D8006F2246 /* MaliRegular.ttf */,
				BA87369D2BF3E2D8006F2246 /* MaliSemibold.ttf */,
			);
			path = Fonts;
			sourceTree = "<group>";
		};
/* End PBXGroup section */

/* Begin PBXNativeTarget section */
		BA87366F2BF3CCAD006F2246 /* MacroChallenge5 */ = {
			isa = PBXNativeTarget;
			buildConfigurationList = BA8736872BF3CCAF006F2246 /* Build configuration list for PBXNativeTarget "MacroChallenge5" */;
			buildPhases = (
				BA87366C2BF3CCAD006F2246 /* Sources */,
				BA87366D2BF3CCAD006F2246 /* Frameworks */,
				BA87366E2BF3CCAD006F2246 /* Resources */,
			);
			buildRules = (
			);
			dependencies = (
			);
			name = MacroChallenge5;
			productName = MacroChallenge5;
			productReference = BA8736702BF3CCAE006F2246 /* MacroChallenge5.app */;
			productType = "com.apple.product-type.application";
		};
/* End PBXNativeTarget section */

/* Begin PBXProject section */
		BA8736682BF3CCAD006F2246 /* Project object */ = {
			isa = PBXProject;
			attributes = {
				BuildIndependentTargetsInParallel = 1;
				LastSwiftUpdateCheck = 1530;
				LastUpgradeCheck = 1530;
				TargetAttributes = {
					BA87366F2BF3CCAD006F2246 = {
						CreatedOnToolsVersion = 15.3;
					};
				};
			};
			buildConfigurationList = BA87366B2BF3CCAD006F2246 /* Build configuration list for PBXProject "MacroChallenge5" */;
			compatibilityVersion = "Xcode 14.0";
			developmentRegion = en;
			hasScannedForEncodings = 0;
			knownRegions = (
				en,
				Base,
			);
			mainGroup = BA8736672BF3CCAD006F2246;
			productRefGroup = BA8736712BF3CCAE006F2246 /* Products */;
			projectDirPath = "";
			projectRoot = "";
			targets = (
				BA87366F2BF3CCAD006F2246 /* MacroChallenge5 */,
			);
		};
/* End PBXProject section */

/* Begin PBXResourcesBuildPhase section */
		BA87366E2BF3CCAD006F2246 /* Resources */ = {
			isa = PBXResourcesBuildPhase;
			buildActionMask = 2147483647;
			files = (
				BAEA64C12BF691B2004D0FBA /* MaliBold.ttf in Resources */,
				BA8736A42BF3E2D8006F2246 /* MaliItalic.ttf in Resources */,
				BA8736802BF3CCAF006F2246 /* Assets.xcassets in Resources */,
				BA8736832BF3CCAF006F2246 /* Base in Resources */,
				BA8736A62BF3E2D8006F2246 /* MaliRegular.ttf in Resources */,
				BA8736A92BF3E2D8006F2246 /* MaliSemibold.ttf in Resources */,
			);
			runOnlyForDeploymentPostprocessing = 0;
		};
/* End PBXResourcesBuildPhase section */

/* Begin PBXSourcesBuildPhase section */
		BA87366C2BF3CCAD006F2246 /* Sources */ = {
			isa = PBXSourcesBuildPhase;
			buildActionMask = 2147483647;
			files = (
				BA8736922BF3E1D8006F2246 /* BooksViewController.swift in Sources */,
				BA8736902BF3E1AC006F2246 /* FutureViewController.swift in Sources */,
				BA8736742BF3CCAE006F2246 /* AppDelegate.swift in Sources */,
				BA87368B2BF3D07E006F2246 /* MainTabBarController.swift in Sources */,
				BAEA64C32BF69419004D0FBA /* SheetViewController.swift in Sources */,
				BA87367E2BF3CCAE006F2246 /* MacroChallenge5.xcdatamodeld in Sources */,
				BA8736762BF3CCAE006F2246 /* SceneDelegate.swift in Sources */,
				BA87368D2BF3E039006F2246 /* VerseViewController.swift in Sources */,
			);
			runOnlyForDeploymentPostprocessing = 0;
		};
/* End PBXSourcesBuildPhase section */

/* Begin PBXVariantGroup section */
		BA8736812BF3CCAF006F2246 /* LaunchScreen.storyboard */ = {
			isa = PBXVariantGroup;
			children = (
				BA8736822BF3CCAF006F2246 /* Base */,
			);
			name = LaunchScreen.storyboard;
			sourceTree = "<group>";
		};
/* End PBXVariantGroup section */

/* Begin XCBuildConfiguration section */
		BA8736852BF3CCAF006F2246 /* Debug */ = {
			isa = XCBuildConfiguration;
			buildSettings = {
				ALWAYS_SEARCH_USER_PATHS = NO;
				ASSETCATALOG_COMPILER_GENERATE_SWIFT_ASSET_SYMBOL_EXTENSIONS = YES;
				CLANG_ANALYZER_NONNULL = YES;
				CLANG_ANALYZER_NUMBER_OBJECT_CONVERSION = YES_AGGRESSIVE;
				CLANG_CXX_LANGUAGE_STANDARD = "gnu++20";
				CLANG_ENABLE_MODULES = YES;
				CLANG_ENABLE_OBJC_ARC = YES;
				CLANG_ENABLE_OBJC_WEAK = YES;
				CLANG_WARN_BLOCK_CAPTURE_AUTORELEASING = YES;
				CLANG_WARN_BOOL_CONVERSION = YES;
				CLANG_WARN_COMMA = YES;
				CLANG_WARN_CONSTANT_CONVERSION = YES;
				CLANG_WARN_DEPRECATED_OBJC_IMPLEMENTATIONS = YES;
				CLANG_WARN_DIRECT_OBJC_ISA_USAGE = YES_ERROR;
				CLANG_WARN_DOCUMENTATION_COMMENTS = YES;
				CLANG_WARN_EMPTY_BODY = YES;
				CLANG_WARN_ENUM_CONVERSION = YES;
				CLANG_WARN_INFINITE_RECURSION = YES;
				CLANG_WARN_INT_CONVERSION = YES;
				CLANG_WARN_NON_LITERAL_NULL_CONVERSION = YES;
				CLANG_WARN_OBJC_IMPLICIT_RETAIN_SELF = YES;
				CLANG_WARN_OBJC_LITERAL_CONVERSION = YES;
				CLANG_WARN_OBJC_ROOT_CLASS = YES_ERROR;
				CLANG_WARN_QUOTED_INCLUDE_IN_FRAMEWORK_HEADER = YES;
				CLANG_WARN_RANGE_LOOP_ANALYSIS = YES;
				CLANG_WARN_STRICT_PROTOTYPES = YES;
				CLANG_WARN_SUSPICIOUS_MOVE = YES;
				CLANG_WARN_UNGUARDED_AVAILABILITY = YES_AGGRESSIVE;
				CLANG_WARN_UNREACHABLE_CODE = YES;
				CLANG_WARN__DUPLICATE_METHOD_MATCH = YES;
				COPY_PHASE_STRIP = NO;
				DEBUG_INFORMATION_FORMAT = dwarf;
				ENABLE_STRICT_OBJC_MSGSEND = YES;
				ENABLE_TESTABILITY = YES;
				ENABLE_USER_SCRIPT_SANDBOXING = YES;
				GCC_C_LANGUAGE_STANDARD = gnu17;
				GCC_DYNAMIC_NO_PIC = NO;
				GCC_NO_COMMON_BLOCKS = YES;
				GCC_OPTIMIZATION_LEVEL = 0;
				GCC_PREPROCESSOR_DEFINITIONS = (
					"DEBUG=1",
					"$(inherited)",
				);
				GCC_WARN_64_TO_32_BIT_CONVERSION = YES;
				GCC_WARN_ABOUT_RETURN_TYPE = YES_ERROR;
				GCC_WARN_UNDECLARED_SELECTOR = YES;
				GCC_WARN_UNINITIALIZED_AUTOS = YES_AGGRESSIVE;
				GCC_WARN_UNUSED_FUNCTION = YES;
				GCC_WARN_UNUSED_VARIABLE = YES;
				IPHONEOS_DEPLOYMENT_TARGET = 17.4;
				LOCALIZATION_PREFERS_STRING_CATALOGS = YES;
				MTL_ENABLE_DEBUG_INFO = INCLUDE_SOURCE;
				MTL_FAST_MATH = YES;
				ONLY_ACTIVE_ARCH = YES;
				SDKROOT = iphoneos;
				SWIFT_ACTIVE_COMPILATION_CONDITIONS = "DEBUG $(inherited)";
				SWIFT_OPTIMIZATION_LEVEL = "-Onone";
			};
			name = Debug;
		};
		BA8736862BF3CCAF006F2246 /* Release */ = {
			isa = XCBuildConfiguration;
			buildSettings = {
				ALWAYS_SEARCH_USER_PATHS = NO;
				ASSETCATALOG_COMPILER_GENERATE_SWIFT_ASSET_SYMBOL_EXTENSIONS = YES;
				CLANG_ANALYZER_NONNULL = YES;
				CLANG_ANALYZER_NUMBER_OBJECT_CONVERSION = YES_AGGRESSIVE;
				CLANG_CXX_LANGUAGE_STANDARD = "gnu++20";
				CLANG_ENABLE_MODULES = YES;
				CLANG_ENABLE_OBJC_ARC = YES;
				CLANG_ENABLE_OBJC_WEAK = YES;
				CLANG_WARN_BLOCK_CAPTURE_AUTORELEASING = YES;
				CLANG_WARN_BOOL_CONVERSION = YES;
				CLANG_WARN_COMMA = YES;
				CLANG_WARN_CONSTANT_CONVERSION = YES;
				CLANG_WARN_DEPRECATED_OBJC_IMPLEMENTATIONS = YES;
				CLANG_WARN_DIRECT_OBJC_ISA_USAGE = YES_ERROR;
				CLANG_WARN_DOCUMENTATION_COMMENTS = YES;
				CLANG_WARN_EMPTY_BODY = YES;
				CLANG_WARN_ENUM_CONVERSION = YES;
				CLANG_WARN_INFINITE_RECURSION = YES;
				CLANG_WARN_INT_CONVERSION = YES;
				CLANG_WARN_NON_LITERAL_NULL_CONVERSION = YES;
				CLANG_WARN_OBJC_IMPLICIT_RETAIN_SELF = YES;
				CLANG_WARN_OBJC_LITERAL_CONVERSION = YES;
				CLANG_WARN_OBJC_ROOT_CLASS = YES_ERROR;
				CLANG_WARN_QUOTED_INCLUDE_IN_FRAMEWORK_HEADER = YES;
				CLANG_WARN_RANGE_LOOP_ANALYSIS = YES;
				CLANG_WARN_STRICT_PROTOTYPES = YES;
				CLANG_WARN_SUSPICIOUS_MOVE = YES;
				CLANG_WARN_UNGUARDED_AVAILABILITY = YES_AGGRESSIVE;
				CLANG_WARN_UNREACHABLE_CODE = YES;
				CLANG_WARN__DUPLICATE_METHOD_MATCH = YES;
				COPY_PHASE_STRIP = NO;
				DEBUG_INFORMATION_FORMAT = "dwarf-with-dsym";
				ENABLE_NS_ASSERTIONS = NO;
				ENABLE_STRICT_OBJC_MSGSEND = YES;
				ENABLE_USER_SCRIPT_SANDBOXING = YES;
				GCC_C_LANGUAGE_STANDARD = gnu17;
				GCC_NO_COMMON_BLOCKS = YES;
				GCC_WARN_64_TO_32_BIT_CONVERSION = YES;
				GCC_WARN_ABOUT_RETURN_TYPE = YES_ERROR;
				GCC_WARN_UNDECLARED_SELECTOR = YES;
				GCC_WARN_UNINITIALIZED_AUTOS = YES_AGGRESSIVE;
				GCC_WARN_UNUSED_FUNCTION = YES;
				GCC_WARN_UNUSED_VARIABLE = YES;
				IPHONEOS_DEPLOYMENT_TARGET = 17.4;
				LOCALIZATION_PREFERS_STRING_CATALOGS = YES;
				MTL_ENABLE_DEBUG_INFO = NO;
				MTL_FAST_MATH = YES;
				SDKROOT = iphoneos;
				SWIFT_COMPILATION_MODE = wholemodule;
				VALIDATE_PRODUCT = YES;
			};
			name = Release;
		};
		BA8736882BF3CCAF006F2246 /* Debug */ = {
			isa = XCBuildConfiguration;
			buildSettings = {
				ASSETCATALOG_COMPILER_APPICON_NAME = AppIcon;
				ASSETCATALOG_COMPILER_GLOBAL_ACCENT_COLOR_NAME = AccentColor;
				CODE_SIGN_STYLE = Automatic;
				CURRENT_PROJECT_VERSION = 1;
				DEVELOPMENT_TEAM = C73FLD543W;
				GENERATE_INFOPLIST_FILE = YES;
				INFOPLIST_FILE = MacroChallenge5/Info.plist;
				INFOPLIST_KEY_UIApplicationSupportsIndirectInputEvents = YES;
				INFOPLIST_KEY_UILaunchStoryboardName = LaunchScreen;
				INFOPLIST_KEY_UISupportedInterfaceOrientations_iPad = "UIInterfaceOrientationPortrait UIInterfaceOrientationPortraitUpsideDown UIInterfaceOrientationLandscapeLeft UIInterfaceOrientationLandscapeRight";
				IPHONEOS_DEPLOYMENT_TARGET = 17.0;
				LD_RUNPATH_SEARCH_PATHS = (
					"$(inherited)",
					"@executable_path/Frameworks",
				);
				MARKETING_VERSION = 1.0;
				PRODUCT_BUNDLE_IDENTIFIER = amandaconde.MacroChallenge5;
				PRODUCT_NAME = "$(TARGET_NAME)";
				SWIFT_EMIT_LOC_STRINGS = YES;
				SWIFT_VERSION = 5.0;
				TARGETED_DEVICE_FAMILY = "1,2";
			};
			name = Debug;
		};
		BA8736892BF3CCAF006F2246 /* Release */ = {
			isa = XCBuildConfiguration;
			buildSettings = {
				ASSETCATALOG_COMPILER_APPICON_NAME = AppIcon;
				ASSETCATALOG_COMPILER_GLOBAL_ACCENT_COLOR_NAME = AccentColor;
				CODE_SIGN_STYLE = Automatic;
				CURRENT_PROJECT_VERSION = 1;
				DEVELOPMENT_TEAM = C73FLD543W;
				GENERATE_INFOPLIST_FILE = YES;
				INFOPLIST_FILE = MacroChallenge5/Info.plist;
				INFOPLIST_KEY_UIApplicationSupportsIndirectInputEvents = YES;
				INFOPLIST_KEY_UILaunchStoryboardName = LaunchScreen;
				INFOPLIST_KEY_UISupportedInterfaceOrientations_iPad = "UIInterfaceOrientationPortrait UIInterfaceOrientationPortraitUpsideDown UIInterfaceOrientationLandscapeLeft UIInterfaceOrientationLandscapeRight";
				IPHONEOS_DEPLOYMENT_TARGET = 17.0;
				LD_RUNPATH_SEARCH_PATHS = (
					"$(inherited)",
					"@executable_path/Frameworks",
				);
				MARKETING_VERSION = 1.0;
				PRODUCT_BUNDLE_IDENTIFIER = amandaconde.MacroChallenge5;
				PRODUCT_NAME = "$(TARGET_NAME)";
				SWIFT_EMIT_LOC_STRINGS = YES;
				SWIFT_VERSION = 5.0;
				TARGETED_DEVICE_FAMILY = "1,2";
			};
			name = Release;
		};
/* End XCBuildConfiguration section */

/* Begin XCConfigurationList section */
		BA87366B2BF3CCAD006F2246 /* Build configuration list for PBXProject "MacroChallenge5" */ = {
			isa = XCConfigurationList;
			buildConfigurations = (
				BA8736852BF3CCAF006F2246 /* Debug */,
				BA8736862BF3CCAF006F2246 /* Release */,
			);
			defaultConfigurationIsVisible = 0;
			defaultConfigurationName = Release;
		};
		BA8736872BF3CCAF006F2246 /* Build configuration list for PBXNativeTarget "MacroChallenge5" */ = {
			isa = XCConfigurationList;
			buildConfigurations = (
				BA8736882BF3CCAF006F2246 /* Debug */,
				BA8736892BF3CCAF006F2246 /* Release */,
			);
			defaultConfigurationIsVisible = 0;
			defaultConfigurationName = Release;
		};
/* End XCConfigurationList section */

/* Begin XCVersionGroup section */
		BA87367C2BF3CCAE006F2246 /* MacroChallenge5.xcdatamodeld */ = {
			isa = XCVersionGroup;
			children = (
				BA87367D2BF3CCAE006F2246 /* MacroChallenge5.xcdatamodel */,
			);
			currentVersion = BA87367D2BF3CCAE006F2246 /* MacroChallenge5.xcdatamodel */;
			path = MacroChallenge5.xcdatamodeld;
			sourceTree = "<group>";
			versionGroupType = wrapper.xcdatamodel;
		};
/* End XCVersionGroup section */
	};
	rootObject = BA8736682BF3CCAD006F2246 /* Project object */;
}
